{
  "version": "5",
  "workspace": {
    "dependencies": [
      "jsr:@supabase/functions-js@2.92.0",
      "npm:@hono/trpc-server@0.4.0",
      "npm:@supabase/supabase-js@2.95.3",
      "npm:@trpc/server@11.10.0",
      "npm:drizzle-orm@0.45.1",
      "npm:hono@4.11.9",
      "npm:jose@5.9.6",
      "npm:postgres@3.4.8",
      "npm:zod@4.3.6"
    ],
    "packageJson": {
      "dependencies": [
        "npm:husky@^9.1.7",
        "npm:lint-staged@^15.5.2"
      ]
    }
  }
}
